
Microsoft Visual Studio Solution File, Format Version 12.00
# Visual Studio Version 17
VisualStudioVersion = 17.8.34330.188
MinimumVisualStudioVersion = 10.0.40219.1
Project("{9A19103F-16F7-4668-BE54-9A1E7A4F7556}") = "SnowCreator", "SnowCreator.csproj", "{6FB2585C-650F-4A99-99B1-7F468F6363A1}"
EndProject
Project("{9A19103F-16F7-4668-BE54-9A1E7A4F7556}") = "DataJuggler.RandomUSD", "..\DataJuggler.RandomUSD\DataJuggler.RandomUSD.csproj", "{C91E5E8F-D5D4-4C47-8976-40BFD1A09D3B}"
EndProject
Global
	GlobalSection(SolutionConfigurationPlatforms) = preSolution
		Debug|Any CPU = Debug|Any CPU
		Release|Any CPU = Release|Any CPU
	EndGlobalSection
	GlobalSection(ProjectConfigurationPlatforms) = postSolution
		{6FB2585C-650F-4A99-99B1-7F468F6363A1}.Debug|Any CPU.ActiveCfg = Debug|Any CPU
		{6FB2585C-650F-4A99-99B1-7F468F6363A1}.Debug|Any CPU.Build.0 = Debug|Any CPU
		{6FB2585C-650F-4A99-99B1-7F468F6363A1}.Release|Any CPU.ActiveCfg = Release|Any CPU
		{6FB2585C-650F-4A99-99B1-7F468F6363A1}.Release|Any CPU.Build.0 = Release|Any CPU
		{C91E5E8F-D5D4-4C47-8976-40BFD1A09D3B}.Debug|Any CPU.ActiveCfg = Debug|Any CPU
		{C91E5E8F-D5D4-4C47-8976-40BFD1A09D3B}.Debug|Any CPU.Build.0 = Debug|Any CPU
		{C91E5E8F-D5D4-4C47-8976-40BFD1A09D3B}.Release|Any CPU.ActiveCfg = Release|Any CPU
		{C91E5E8F-D5D4-4C47-8976-40BFD1A09D3B}.Release|Any CPU.Build.0 = Release|Any CPU
	EndGlobalSection
	GlobalSection(SolutionProperties) = preSolution
		HideSolutionNode = FALSE
	EndGlobalSection
	GlobalSection(ExtensibilityGlobals) = postSolution
		SolutionGuid = {61C0AA23-5E2A-48D2-87AE-EB8E90FFCFB8}
	EndGlobalSection
EndGlobal
